
Microsoft Visual Studio Solution File, Format Version 12.00
# Visual Studio Version 17
VisualStudioVersion = 17.8.34525.116
MinimumVisualStudioVersion = 10.0.40219.1
Project("{FAE04EC0-301F-11D3-BF4B-00C04F79EFBC}") = "WebScraper", "WebScraper\WebScraper.csproj", "{6BEE6774-3ABD-409D-82BE-2D40D04EFF93}"
EndProject
Global
	GlobalSection(SolutionConfigurationPlatforms) = preSolution
		Debug|Any CPU = Debug|Any CPU
		Release|Any CPU = Release|Any CPU
	EndGlobalSection
	GlobalSection(ProjectConfigurationPlatforms) = postSolution
		{6BEE6774-3ABD-409D-82BE-2D40D04EFF93}.Debug|Any CPU.ActiveCfg = Debug|Any CPU
		{6BEE6774-3ABD-409D-82BE-2D40D04EFF93}.Debug|Any CPU.Build.0 = Debug|Any CPU
		{6BEE6774-3ABD-409D-82BE-2D40D04EFF93}.Release|Any CPU.ActiveCfg = Release|Any CPU
		{6BEE6774-3ABD-409D-82BE-2D40D04EFF93}.Release|Any CPU.Build.0 = Release|Any CPU
	EndGlobalSection
	GlobalSection(SolutionProperties) = preSolution
		HideSolutionNode = FALSE
	EndGlobalSection
	GlobalSection(ExtensibilityGlobals) = postSolution
		SolutionGuid = {8252C1D2-3BA0-4160-959C-B579AACF8473}
	EndGlobalSection
EndGlobal
